
Microsoft Visual Studio Solution File, Format Version 12.00
# Visual Studio Version 17
VisualStudioVersion = 17.10.35027.167
MinimumVisualStudioVersion = 10.0.40219.1
Project("{9A19103F-16F7-4668-BE54-9A1E7A4F7556}") = "DotMaker", "Dotmaker\DotMaker.csproj", "{9F8AE400-2733-4642-ABDA-1CBEDA7A00EA}"
EndProject
Global
	GlobalSection(SolutionConfigurationPlatforms) = preSolution
		Debug|Any CPU = Debug|Any CPU
		Release|Any CPU = Release|Any CPU
	EndGlobalSection
	GlobalSection(ProjectConfigurationPlatforms) = postSolution
		{9F8AE400-2733-4642-ABDA-1CBEDA7A00EA}.Debug|Any CPU.ActiveCfg = Debug|Any CPU
		{9F8AE400-2733-4642-ABDA-1CBEDA7A00EA}.Debug|Any CPU.Build.0 = Debug|Any CPU
		{9F8AE400-2733-4642-ABDA-1CBEDA7A00EA}.Release|Any CPU.ActiveCfg = Release|Any CPU
		{9F8AE400-2733-4642-ABDA-1CBEDA7A00EA}.Release|Any CPU.Build.0 = Release|Any CPU
	EndGlobalSection
	GlobalSection(SolutionProperties) = preSolution
		HideSolutionNode = FALSE
	EndGlobalSection
	GlobalSection(ExtensibilityGlobals) = postSolution
		SolutionGuid = {237BBA05-B001-4951-8FB7-0CB26A8DBC2C}
	EndGlobalSection
EndGlobal
